
Microsoft Visual Studio Solution File, Format Version 12.00
# Visual Studio Version 17
VisualStudioVersion = 17.8.34525.116
MinimumVisualStudioVersion = 10.0.40219.1
Project("{FAE04EC0-301F-11D3-BF4B-00C04F79EFBC}") = "AdderInBD", "AdderInBD.csproj", "{AEA5191A-2CA6-40A1-9FF4-E962744D600E}"
EndProject
Project("{2150E333-8FDC-42A3-9474-1A3956D46DE8}") = "Элементы решения", "Элементы решения", "{96BCD54C-CC6B-417E-8BF7-0075E758F2FC}"
	ProjectSection(SolutionItems) = preProject
		..\..\..\AppData\Local\Microsoft\Microsoft SQL Server Local DB\Instances\MSSQLLocalDB\OnePieceScreens.mdf = ..\..\..\AppData\Local\Microsoft\Microsoft SQL Server Local DB\Instances\MSSQLLocalDB\OnePieceScreens.mdf
	EndProjectSection
EndProject
Global
	GlobalSection(SolutionConfigurationPlatforms) = preSolution
		Debug|Any CPU = Debug|Any CPU
		Release|Any CPU = Release|Any CPU
	EndGlobalSection
	GlobalSection(ProjectConfigurationPlatforms) = postSolution
		{AEA5191A-2CA6-40A1-9FF4-E962744D600E}.Debug|Any CPU.ActiveCfg = Debug|Any CPU
		{AEA5191A-2CA6-40A1-9FF4-E962744D600E}.Debug|Any CPU.Build.0 = Debug|Any CPU
		{AEA5191A-2CA6-40A1-9FF4-E962744D600E}.Release|Any CPU.ActiveCfg = Release|Any CPU
		{AEA5191A-2CA6-40A1-9FF4-E962744D600E}.Release|Any CPU.Build.0 = Release|Any CPU
	EndGlobalSection
	GlobalSection(SolutionProperties) = preSolution
		HideSolutionNode = FALSE
	EndGlobalSection
	GlobalSection(ExtensibilityGlobals) = postSolution
		SolutionGuid = {0A2DEC7F-E661-4127-88EE-E8665E7614F6}
	EndGlobalSection
EndGlobal
